
Microsoft Visual Studio Solution File, Format Version 12.00
# Visual Studio Version 17
VisualStudioVersion = 17.5.002.0
MinimumVisualStudioVersion = 10.0.40219.1
Project("{9A19103F-16F7-4668-BE54-9A1E7A4F7556}") = "ListaDeTarefas", "ListaDeTarefas.csproj", "{B2EF07CF-12E0-478B-B933-E86ED18D0066}"
EndProject
Global
	GlobalSection(SolutionConfigurationPlatforms) = preSolution
		Debug|Any CPU = Debug|Any CPU
		Release|Any CPU = Release|Any CPU
	EndGlobalSection
	GlobalSection(ProjectConfigurationPlatforms) = postSolution
		{B2EF07CF-12E0-478B-B933-E86ED18D0066}.Debug|Any CPU.ActiveCfg = Debug|Any CPU
		{B2EF07CF-12E0-478B-B933-E86ED18D0066}.Debug|Any CPU.Build.0 = Debug|Any CPU
		{B2EF07CF-12E0-478B-B933-E86ED18D0066}.Release|Any CPU.ActiveCfg = Release|Any CPU
		{B2EF07CF-12E0-478B-B933-E86ED18D0066}.Release|Any CPU.Build.0 = Release|Any CPU
	EndGlobalSection
	GlobalSection(SolutionProperties) = preSolution
		HideSolutionNode = FALSE
	EndGlobalSection
	GlobalSection(ExtensibilityGlobals) = postSolution
		SolutionGuid = {435146A6-2299-4EA3-8D2A-D2A4A454479E}
	EndGlobalSection
EndGlobal
